
Microsoft Visual Studio Solution File, Format Version 12.00
# Visual Studio Version 17
VisualStudioVersion = 17.8.34322.80
MinimumVisualStudioVersion = 10.0.40219.1
Project("{FAE04EC0-301F-11D3-BF4B-00C04F79EFBC}") = "Dominio.TDD.Test", "Dominio.TDD.Test\Dominio.TDD.Test.csproj", "{76169098-2ACF-4F55-A281-2E3430BD49B1}"
EndProject
Project("{FAE04EC0-301F-11D3-BF4B-00C04F79EFBC}") = "Dominio.TDD", "Dominio.TDD\Dominio.TDD.csproj", "{EBE2C41B-9D8A-4CF5-B46A-08F943F77708}"
EndProject
Global
	GlobalSection(SolutionConfigurationPlatforms) = preSolution
		Debug|Any CPU = Debug|Any CPU
		Release|Any CPU = Release|Any CPU
	EndGlobalSection
	GlobalSection(ProjectConfigurationPlatforms) = postSolution
		{76169098-2ACF-4F55-A281-2E3430BD49B1}.Debug|Any CPU.ActiveCfg = Debug|Any CPU
		{76169098-2ACF-4F55-A281-2E3430BD49B1}.Debug|Any CPU.Build.0 = Debug|Any CPU
		{76169098-2ACF-4F55-A281-2E3430BD49B1}.Release|Any CPU.ActiveCfg = Release|Any CPU
		{76169098-2ACF-4F55-A281-2E3430BD49B1}.Release|Any CPU.Build.0 = Release|Any CPU
		{EBE2C41B-9D8A-4CF5-B46A-08F943F77708}.Debug|Any CPU.ActiveCfg = Debug|Any CPU
		{EBE2C41B-9D8A-4CF5-B46A-08F943F77708}.Debug|Any CPU.Build.0 = Debug|Any CPU
		{EBE2C41B-9D8A-4CF5-B46A-08F943F77708}.Release|Any CPU.ActiveCfg = Release|Any CPU
		{EBE2C41B-9D8A-4CF5-B46A-08F943F77708}.Release|Any CPU.Build.0 = Release|Any CPU
	EndGlobalSection
	GlobalSection(SolutionProperties) = preSolution
		HideSolutionNode = FALSE
	EndGlobalSection
	GlobalSection(ExtensibilityGlobals) = postSolution
		SolutionGuid = {B0F0BEFD-7705-4100-90EC-E1AD9BB77EBD}
	EndGlobalSection
EndGlobal
